
Microsoft Visual Studio Solution File, Format Version 12.00
# Visual Studio Express 2012 for Windows Desktop
Project("{FAE04EC0-301F-11D3-BF4B-00C04F79EFBC}") = "Centuries to Minutes", "01. Centuries to Minutes\Centuries to Minutes.csproj", "{61206C23-0E90-4346-87D9-0D09E0ED34D5}"
EndProject
Global
	GlobalSection(SolutionConfigurationPlatforms) = preSolution
		Debug|Any CPU = Debug|Any CPU
		Release|Any CPU = Release|Any CPU
	EndGlobalSection
	GlobalSection(ProjectConfigurationPlatforms) = postSolution
		{61206C23-0E90-4346-87D9-0D09E0ED34D5}.Debug|Any CPU.ActiveCfg = Debug|Any CPU
		{61206C23-0E90-4346-87D9-0D09E0ED34D5}.Debug|Any CPU.Build.0 = Debug|Any CPU
		{61206C23-0E90-4346-87D9-0D09E0ED34D5}.Release|Any CPU.ActiveCfg = Release|Any CPU
		{61206C23-0E90-4346-87D9-0D09E0ED34D5}.Release|Any CPU.Build.0 = Release|Any CPU
	EndGlobalSection
	GlobalSection(SolutionProperties) = preSolution
		HideSolutionNode = FALSE
	EndGlobalSection
EndGlobal
